
Microsoft Visual Studio Solution File, Format Version 11.00
# Visual Studio 2010
Project("{2150E333-8FDC-42A3-9474-1A3956D46DE8}") = "Solution Items", "Solution Items", "{26E42034-3B2C-4D1D-A060-972D130ABEF1}"
	ProjectSection(SolutionItems) = preProject
		LGPL.txt = LGPL.txt
		Readme.txt = Readme.txt
	EndProjectSection
EndProject
Project("{FAE04EC0-301F-11D3-BF4B-00C04F79EFBC}") = "HqlIntellisense", "HqlIntellisense\HqlIntellisense.csproj", "{FE5C7915-F90E-4977-B388-AFFB91A9353C}"
EndProject
Project("{FAE04EC0-301F-11D3-BF4B-00C04F79EFBC}") = "TestHqlIntellisense", "TestHqlIntellisense\TestHqlIntellisense.csproj", "{320C143E-71E7-4B1E-AB88-F74241D58DF4}"
EndProject
Global
	GlobalSection(SolutionConfigurationPlatforms) = preSolution
		Debug|Any CPU = Debug|Any CPU
		Debug|x86 = Debug|x86
		Release|Any CPU = Release|Any CPU
		Release|x86 = Release|x86
	EndGlobalSection
	GlobalSection(ProjectConfigurationPlatforms) = postSolution
		{FE5C7915-F90E-4977-B388-AFFB91A9353C}.Debug|Any CPU.ActiveCfg = Debug|Any CPU
		{FE5C7915-F90E-4977-B388-AFFB91A9353C}.Debug|Any CPU.Build.0 = Debug|Any CPU
		{FE5C7915-F90E-4977-B388-AFFB91A9353C}.Debug|x86.ActiveCfg = Debug|x86
		{FE5C7915-F90E-4977-B388-AFFB91A9353C}.Debug|x86.Build.0 = Debug|x86
		{FE5C7915-F90E-4977-B388-AFFB91A9353C}.Release|Any CPU.ActiveCfg = Release|Any CPU
		{FE5C7915-F90E-4977-B388-AFFB91A9353C}.Release|Any CPU.Build.0 = Release|Any CPU
		{FE5C7915-F90E-4977-B388-AFFB91A9353C}.Release|x86.ActiveCfg = Release|x86
		{FE5C7915-F90E-4977-B388-AFFB91A9353C}.Release|x86.Build.0 = Release|x86
		{320C143E-71E7-4B1E-AB88-F74241D58DF4}.Debug|Any CPU.ActiveCfg = Debug|Any CPU
		{320C143E-71E7-4B1E-AB88-F74241D58DF4}.Debug|Any CPU.Build.0 = Debug|Any CPU
		{320C143E-71E7-4B1E-AB88-F74241D58DF4}.Debug|x86.ActiveCfg = Debug|x86
		{320C143E-71E7-4B1E-AB88-F74241D58DF4}.Debug|x86.Build.0 = Debug|x86
		{320C143E-71E7-4B1E-AB88-F74241D58DF4}.Release|Any CPU.ActiveCfg = Release|Any CPU
		{320C143E-71E7-4B1E-AB88-F74241D58DF4}.Release|Any CPU.Build.0 = Release|Any CPU
		{320C143E-71E7-4B1E-AB88-F74241D58DF4}.Release|x86.ActiveCfg = Release|x86
		{320C143E-71E7-4B1E-AB88-F74241D58DF4}.Release|x86.Build.0 = Release|x86
	EndGlobalSection
	GlobalSection(SolutionProperties) = preSolution
		HideSolutionNode = FALSE
	EndGlobalSection
EndGlobal
